
Microsoft Visual Studio Solution File, Format Version 12.00
# Visual Studio Version 16
VisualStudioVersion = 16.0.33423.256
MinimumVisualStudioVersion = 10.0.40219.1
Project("{FAE04EC0-301F-11D3-BF4B-00C04F79EFBC}") = "AkademiPlusObserverPattern", "AkademiPlusObserverPattern\AkademiPlusObserverPattern.csproj", "{F159C799-4452-4FE8-ABE0-B5CE8ABBE3E1}"
EndProject
Global
	GlobalSection(SolutionConfigurationPlatforms) = preSolution
		Debug|Any CPU = Debug|Any CPU
		Release|Any CPU = Release|Any CPU
	EndGlobalSection
	GlobalSection(ProjectConfigurationPlatforms) = postSolution
		{F159C799-4452-4FE8-ABE0-B5CE8ABBE3E1}.Debug|Any CPU.ActiveCfg = Debug|Any CPU
		{F159C799-4452-4FE8-ABE0-B5CE8ABBE3E1}.Debug|Any CPU.Build.0 = Debug|Any CPU
		{F159C799-4452-4FE8-ABE0-B5CE8ABBE3E1}.Release|Any CPU.ActiveCfg = Release|Any CPU
		{F159C799-4452-4FE8-ABE0-B5CE8ABBE3E1}.Release|Any CPU.Build.0 = Release|Any CPU
	EndGlobalSection
	GlobalSection(SolutionProperties) = preSolution
		HideSolutionNode = FALSE
	EndGlobalSection
	GlobalSection(ExtensibilityGlobals) = postSolution
		SolutionGuid = {B5527B93-A1CE-456F-9BD1-9D10D7FF2DBC}
	EndGlobalSection
EndGlobal
